
Microsoft Visual Studio Solution File, Format Version 12.00
# Visual Studio Version 17
VisualStudioVersion = 17.9.34728.123
MinimumVisualStudioVersion = 10.0.40219.1
Project("{2150E333-8FDC-42A3-9474-1A3956D46DE8}") = "System.API.Case", "System.API.Case", "{04B94158-898C-4AFD-A674-0317ECDA83D4}"
EndProject
Project("{2150E333-8FDC-42A3-9474-1A3956D46DE8}") = "System.API.Case.Admin", "System.API.Case.Admin", "{0BFCA421-A83D-4434-AE96-8F870C514725}"
EndProject
Project("{2150E333-8FDC-42A3-9474-1A3956D46DE8}") = "Core", "Core", "{106741E2-A025-4A60-AFDC-46E2C95061F0}"
EndProject
Project("{9A19103F-16F7-4668-BE54-9A1E7A4F7556}") = "Application", "System.API.Case\System.API.Case.Admin\Core\Application\Application.csproj", "{0CE6E74C-A61C-430F-91B5-57E6E02E85D4}"
EndProject
Project("{2150E333-8FDC-42A3-9474-1A3956D46DE8}") = "Presentation", "Presentation", "{4FC1663A-0564-4FF4-8ED5-5546CA8E0225}"
EndProject
Project("{2150E333-8FDC-42A3-9474-1A3956D46DE8}") = "Infrastructure", "Infrastructure", "{4E94A842-C2D7-40CE-99B3-E60E4E498063}"
EndProject
Project("{9A19103F-16F7-4668-BE54-9A1E7A4F7556}") = "Persistence", "System.API.Case\System.API.Case.Admin\Infrastructure\Persistence\Persistence.csproj", "{CACE3CF1-E32E-406E-BF1B-670D4CEE2578}"
EndProject
Project("{9A19103F-16F7-4668-BE54-9A1E7A4F7556}") = "Web.API", "System.API.Case\System.API.Case.Admin\Presentation\Web.API\Web.API.csproj", "{8008764F-89F7-43B2-9371-BB1DF24F04AA}"
EndProject
Project("{2150E333-8FDC-42A3-9474-1A3956D46DE8}") = "API.Common", "API.Common", "{92125C40-9AF8-46FC-B4C1-00D07BE738F4}"
EndProject
Project("{2150E333-8FDC-42A3-9474-1A3956D46DE8}") = "Core", "Core", "{624E47D0-39DE-474A-BA5A-BA39F5611198}"
EndProject
Project("{2150E333-8FDC-42A3-9474-1A3956D46DE8}") = "Infrastructure", "Infrastructure", "{DBDB425F-682C-439F-BEA5-C878C185B51B}"
EndProject
Project("{FAE04EC0-301F-11D3-BF4B-00C04F79EFBC}") = "API.Common.Application", "API.Common\Core\API.Common.Application\API.Common.Application.csproj", "{37CA3E87-43A8-41E4-8999-679AAC304D38}"
EndProject
Project("{FAE04EC0-301F-11D3-BF4B-00C04F79EFBC}") = "API.Common.Domain", "API.Common\Core\API.Common.Domain\API.Common.Domain.csproj", "{3DD424F8-3AEF-4C5F-9264-E4494B91B639}"
EndProject
Project("{FAE04EC0-301F-11D3-BF4B-00C04F79EFBC}") = "API.Common.Persistence", "API.Common\Infrastructure\API.Common.Persistence\API.Common.Persistence.csproj", "{0AFFCC21-0623-4BB9-9CB2-3CF26BCD7E17}"
EndProject
Project("{FAE04EC0-301F-11D3-BF4B-00C04F79EFBC}") = "Domain", "System.API.Case\System.API.Case.Admin\Core\Domain\Domain.csproj", "{FD02C0DB-88DB-47F3-8766-3CAE463B42B2}"
EndProject
Global
	GlobalSection(SolutionConfigurationPlatforms) = preSolution
		Debug|Any CPU = Debug|Any CPU
		Release|Any CPU = Release|Any CPU
	EndGlobalSection
	GlobalSection(ProjectConfigurationPlatforms) = postSolution
		{0CE6E74C-A61C-430F-91B5-57E6E02E85D4}.Debug|Any CPU.ActiveCfg = Debug|Any CPU
		{0CE6E74C-A61C-430F-91B5-57E6E02E85D4}.Debug|Any CPU.Build.0 = Debug|Any CPU
		{0CE6E74C-A61C-430F-91B5-57E6E02E85D4}.Release|Any CPU.ActiveCfg = Release|Any CPU
		{0CE6E74C-A61C-430F-91B5-57E6E02E85D4}.Release|Any CPU.Build.0 = Release|Any CPU
		{CACE3CF1-E32E-406E-BF1B-670D4CEE2578}.Debug|Any CPU.ActiveCfg = Debug|Any CPU
		{CACE3CF1-E32E-406E-BF1B-670D4CEE2578}.Debug|Any CPU.Build.0 = Debug|Any CPU
		{CACE3CF1-E32E-406E-BF1B-670D4CEE2578}.Release|Any CPU.ActiveCfg = Release|Any CPU
		{CACE3CF1-E32E-406E-BF1B-670D4CEE2578}.Release|Any CPU.Build.0 = Release|Any CPU
		{8008764F-89F7-43B2-9371-BB1DF24F04AA}.Debug|Any CPU.ActiveCfg = Debug|Any CPU
		{8008764F-89F7-43B2-9371-BB1DF24F04AA}.Debug|Any CPU.Build.0 = Debug|Any CPU
		{8008764F-89F7-43B2-9371-BB1DF24F04AA}.Release|Any CPU.ActiveCfg = Release|Any CPU
		{8008764F-89F7-43B2-9371-BB1DF24F04AA}.Release|Any CPU.Build.0 = Release|Any CPU
		{37CA3E87-43A8-41E4-8999-679AAC304D38}.Debug|Any CPU.ActiveCfg = Debug|Any CPU
		{37CA3E87-43A8-41E4-8999-679AAC304D38}.Debug|Any CPU.Build.0 = Debug|Any CPU
		{37CA3E87-43A8-41E4-8999-679AAC304D38}.Release|Any CPU.ActiveCfg = Release|Any CPU
		{37CA3E87-43A8-41E4-8999-679AAC304D38}.Release|Any CPU.Build.0 = Release|Any CPU
		{3DD424F8-3AEF-4C5F-9264-E4494B91B639}.Debug|Any CPU.ActiveCfg = Debug|Any CPU
		{3DD424F8-3AEF-4C5F-9264-E4494B91B639}.Debug|Any CPU.Build.0 = Debug|Any CPU
		{3DD424F8-3AEF-4C5F-9264-E4494B91B639}.Release|Any CPU.ActiveCfg = Release|Any CPU
		{3DD424F8-3AEF-4C5F-9264-E4494B91B639}.Release|Any CPU.Build.0 = Release|Any CPU
		{0AFFCC21-0623-4BB9-9CB2-3CF26BCD7E17}.Debug|Any CPU.ActiveCfg = Debug|Any CPU
		{0AFFCC21-0623-4BB9-9CB2-3CF26BCD7E17}.Debug|Any CPU.Build.0 = Debug|Any CPU
		{0AFFCC21-0623-4BB9-9CB2-3CF26BCD7E17}.Release|Any CPU.ActiveCfg = Release|Any CPU
		{0AFFCC21-0623-4BB9-9CB2-3CF26BCD7E17}.Release|Any CPU.Build.0 = Release|Any CPU
		{FD02C0DB-88DB-47F3-8766-3CAE463B42B2}.Debug|Any CPU.ActiveCfg = Debug|Any CPU
		{FD02C0DB-88DB-47F3-8766-3CAE463B42B2}.Debug|Any CPU.Build.0 = Debug|Any CPU
		{FD02C0DB-88DB-47F3-8766-3CAE463B42B2}.Release|Any CPU.ActiveCfg = Release|Any CPU
		{FD02C0DB-88DB-47F3-8766-3CAE463B42B2}.Release|Any CPU.Build.0 = Release|Any CPU
	EndGlobalSection
	GlobalSection(SolutionProperties) = preSolution
		HideSolutionNode = FALSE
	EndGlobalSection
	GlobalSection(NestedProjects) = preSolution
		{0BFCA421-A83D-4434-AE96-8F870C514725} = {04B94158-898C-4AFD-A674-0317ECDA83D4}
		{106741E2-A025-4A60-AFDC-46E2C95061F0} = {0BFCA421-A83D-4434-AE96-8F870C514725}
		{0CE6E74C-A61C-430F-91B5-57E6E02E85D4} = {106741E2-A025-4A60-AFDC-46E2C95061F0}
		{4FC1663A-0564-4FF4-8ED5-5546CA8E0225} = {0BFCA421-A83D-4434-AE96-8F870C514725}
		{4E94A842-C2D7-40CE-99B3-E60E4E498063} = {0BFCA421-A83D-4434-AE96-8F870C514725}
		{CACE3CF1-E32E-406E-BF1B-670D4CEE2578} = {4E94A842-C2D7-40CE-99B3-E60E4E498063}
		{8008764F-89F7-43B2-9371-BB1DF24F04AA} = {4FC1663A-0564-4FF4-8ED5-5546CA8E0225}
		{624E47D0-39DE-474A-BA5A-BA39F5611198} = {92125C40-9AF8-46FC-B4C1-00D07BE738F4}
		{DBDB425F-682C-439F-BEA5-C878C185B51B} = {92125C40-9AF8-46FC-B4C1-00D07BE738F4}
		{37CA3E87-43A8-41E4-8999-679AAC304D38} = {624E47D0-39DE-474A-BA5A-BA39F5611198}
		{3DD424F8-3AEF-4C5F-9264-E4494B91B639} = {624E47D0-39DE-474A-BA5A-BA39F5611198}
		{0AFFCC21-0623-4BB9-9CB2-3CF26BCD7E17} = {DBDB425F-682C-439F-BEA5-C878C185B51B}
		{FD02C0DB-88DB-47F3-8766-3CAE463B42B2} = {106741E2-A025-4A60-AFDC-46E2C95061F0}
	EndGlobalSection
	GlobalSection(ExtensibilityGlobals) = postSolution
		SolutionGuid = {608722C9-3B4F-4625-8BEB-97187B6D4F8D}
	EndGlobalSection
EndGlobal
